
Microsoft Visual Studio Solution File, Format Version 12.00
# Visual Studio Version 16
VisualStudioVersion = 16.0.32106.194
MinimumVisualStudioVersion = 10.0.40219.1
Project("{FAE04EC0-301F-11D3-BF4B-00C04F79EFBC}") = "TestExample", "TestExample\TestExample.csproj", "{067EFBF7-F602-4559-AAC1-D1D0A44D1D23}"
EndProject
Project("{FAE04EC0-301F-11D3-BF4B-00C04F79EFBC}") = "TestExample.UnitTests", "TestExample.UnitTests\TestExample.UnitTests.csproj", "{423D32E0-5612-4BE5-A46F-C8AE9F262A5F}"
EndProject
Global
	GlobalSection(SolutionConfigurationPlatforms) = preSolution
		Debug|Any CPU = Debug|Any CPU
		Release|Any CPU = Release|Any CPU
	EndGlobalSection
	GlobalSection(ProjectConfigurationPlatforms) = postSolution
		{067EFBF7-F602-4559-AAC1-D1D0A44D1D23}.Debug|Any CPU.ActiveCfg = Debug|Any CPU
		{067EFBF7-F602-4559-AAC1-D1D0A44D1D23}.Debug|Any CPU.Build.0 = Debug|Any CPU
		{067EFBF7-F602-4559-AAC1-D1D0A44D1D23}.Release|Any CPU.ActiveCfg = Release|Any CPU
		{067EFBF7-F602-4559-AAC1-D1D0A44D1D23}.Release|Any CPU.Build.0 = Release|Any CPU
		{423D32E0-5612-4BE5-A46F-C8AE9F262A5F}.Debug|Any CPU.ActiveCfg = Debug|Any CPU
		{423D32E0-5612-4BE5-A46F-C8AE9F262A5F}.Debug|Any CPU.Build.0 = Debug|Any CPU
		{423D32E0-5612-4BE5-A46F-C8AE9F262A5F}.Release|Any CPU.ActiveCfg = Release|Any CPU
		{423D32E0-5612-4BE5-A46F-C8AE9F262A5F}.Release|Any CPU.Build.0 = Release|Any CPU
	EndGlobalSection
	GlobalSection(SolutionProperties) = preSolution
		HideSolutionNode = FALSE
	EndGlobalSection
	GlobalSection(ExtensibilityGlobals) = postSolution
		SolutionGuid = {C88D563B-1228-4F97-ADFA-AD1991E2B336}
	EndGlobalSection
EndGlobal
